// !$*UTF8*$!
{
	archiveVersion = 1;
	classes = {
	};
	objectVersion = 50;
	objects = {

/* Begin PBXBuildFile section */
		6406CC9624E49DCA009CA317 /* 1.png in Resources */ = {isa = PBXBuildFile; fileRef = 6406CC9224E49DCA009CA317 /* 1.png */; };
		6406CC9724E49DCA009CA317 /* 4.png in Resources */ = {isa = PBXBuildFile; fileRef = 6406CC9324E49DCA009CA317 /* 4.png */; };
		6406CC9824E49DCA009CA317 /* 3.png in Resources */ = {isa = PBXBuildFile; fileRef = 6406CC9424E49DCA009CA317 /* 3.png */; };
		6406CC9924E49DCA009CA317 /* 2.png in Resources */ = {isa = PBXBuildFile; fileRef = 6406CC9524E49DCA009CA317 /* 2.png */; };
		6416D12224D4E97E0040BB4D /* CourseView.swift in Sources */ = {isa = PBXBuildFile; fileRef = 6416D12124D4E97E0040BB4D /* CourseView.swift */; };
		6416D12424D4EACF0040BB4D /* ForYouCardView.swift in Sources */ = {isa = PBXBuildFile; fileRef = 6416D12324D4EACF0040BB4D /* ForYouCardView.swift */; };
		6416D12624D4EB4B0040BB4D /* TitleView.swift in Sources */ = {isa = PBXBuildFile; fileRef = 6416D12524D4EB4B0040BB4D /* TitleView.swift */; };
		6416D12824D4EB880040BB4D /* CardView.swift in Sources */ = {isa = PBXBuildFile; fileRef = 6416D12724D4EB880040BB4D /* CardView.swift */; };
		6416D12A24D4EC7C0040BB4D /* WelcomeView.swift in Sources */ = {isa = PBXBuildFile; fileRef = 6416D12924D4EC7C0040BB4D /* WelcomeView.swift */; };
		6416D12C24D4F7890040BB4D /* TopCoursesView.swift in Sources */ = {isa = PBXBuildFile; fileRef = 6416D12B24D4F7890040BB4D /* TopCoursesView.swift */; };
		6416D12E24D4F7B40040BB4D /* ForYouView.swift in Sources */ = {isa = PBXBuildFile; fileRef = 6416D12D24D4F7B40040BB4D /* ForYouView.swift */; };
		6416D13024D607850040BB4D /* BackgroundView.swift in Sources */ = {isa = PBXBuildFile; fileRef = 6416D12F24D607850040BB4D /* BackgroundView.swift */; };
		64C8A0F124D63F190039E584 /* README.md in Resources */ = {isa = PBXBuildFile; fileRef = 64C8A0F024D63F190039E584 /* README.md */; };
		64E3137524D48FC20024C7FB /* AppDelegate.swift in Sources */ = {isa = PBXBuildFile; fileRef = 64E3137424D48FC20024C7FB /* AppDelegate.swift */; };
		64E3137724D48FC20024C7FB /* SceneDelegate.swift in Sources */ = {isa = PBXBuildFile; fileRef = 64E3137624D48FC20024C7FB /* SceneDelegate.swift */; };
		64E3137924D48FC20024C7FB /* ContentView.swift in Sources */ = {isa = PBXBuildFile; fileRef = 64E3137824D48FC20024C7FB /* ContentView.swift */; };
		64E3137B24D48FC40024C7FB /* Assets.xcassets in Resources */ = {isa = PBXBuildFile; fileRef = 64E3137A24D48FC40024C7FB /* Assets.xcassets */; };
		64E3137E24D48FC40024C7FB /* Preview Assets.xcassets in Resources */ = {isa = PBXBuildFile; fileRef = 64E3137D24D48FC40024C7FB /* Preview Assets.xcassets */; };
		64E3138124D48FC40024C7FB /* LaunchScreen.storyboard in Resources */ = {isa = PBXBuildFile; fileRef = 64E3137F24D48FC40024C7FB /* LaunchScreen.storyboard */; };
/* End PBXBuildFile section */

/* Begin PBXFileReference section */
		6406CC9224E49DCA009CA317 /* 1.png */ = {isa = PBXFileReference; lastKnownFileType = image.png; path = 1.png; sourceTree = "<group>"; };
		6406CC9324E49DCA009CA317 /* 4.png */ = {isa = PBXFileReference; lastKnownFileType = image.png; path = 4.png; sourceTree = "<group>"; };
		6406CC9424E49DCA009CA317 /* 3.png */ = {isa = PBXFileReference; lastKnownFileType = image.png; path = 3.png; sourceTree = "<group>"; };
		6406CC9524E49DCA009CA317 /* 2.png */ = {isa = PBXFileReference; lastKnownFileType = image.png; path = 2.png; sourceTree = "<group>"; };
		6416D12124D4E97E0040BB4D /* CourseView.swift */ = {isa = PBXFileReference; lastKnownFileType = sourcecode.swift; path = CourseView.swift; sourceTree = "<group>"; };
		6416D12324D4EACF0040BB4D /* ForYouCardView.swift */ = {isa = PBXFileReference; lastKnownFileType = sourcecode.swift; path = ForYouCardView.swift; sourceTree = "<group>"; };
		6416D12524D4EB4B0040BB4D /* TitleView.swift */ = {isa = PBXFileReference; lastKnownFileType = sourcecode.swift; path = TitleView.swift; sourceTree = "<group>"; };
		6416D12724D4EB880040BB4D /* CardView.swift */ = {isa = PBXFileReference; lastKnownFileType = sourcecode.swift; path = CardView.swift; sourceTree = "<group>"; };
		6416D12924D4EC7C0040BB4D /* WelcomeView.swift */ = {isa = PBXFileReference; lastKnownFileType = sourcecode.swift; path = WelcomeView.swift; sourceTree = "<group>"; };
		6416D12B24D4F7890040BB4D /* TopCoursesView.swift */ = {isa = PBXFileReference; lastKnownFileType = sourcecode.swift; path = TopCoursesView.swift; sourceTree = "<group>"; };
		6416D12D24D4F7B40040BB4D /* ForYouView.swift */ = {isa = PBXFileReference; lastKnownFileType = sourcecode.swift; path = ForYouView.swift; sourceTree = "<group>"; };
		6416D12F24D607850040BB4D /* BackgroundView.swift */ = {isa = PBXFileReference; lastKnownFileType = sourcecode.swift; path = BackgroundView.swift; sourceTree = "<group>"; };
		64C8A0F024D63F190039E584 /* README.md */ = {isa = PBXFileReference; lastKnownFileType = net.daringfireball.markdown; path = README.md; sourceTree = "<group>"; };
		64E3137124D48FC20024C7FB /* OnlineCoursesAppDesign.app */ = {isa = PBXFileReference; explicitFileType = wrapper.application; includeInIndex = 0; path = OnlineCoursesAppDesign.app; sourceTree = BUILT_PRODUCTS_DIR; };
		64E3137424D48FC20024C7FB /* AppDelegate.swift */ = {isa = PBXFileReference; lastKnownFileType = sourcecode.swift; path = AppDelegate.swift; sourceTree = "<group>"; };
		64E3137624D48FC20024C7FB /* SceneDelegate.swift */ = {isa = PBXFileReference; lastKnownFileType = sourcecode.swift; path = SceneDelegate.swift; sourceTree = "<group>"; };
		64E3137824D48FC20024C7FB /* ContentView.swift */ = {isa = PBXFileReference; lastKnownFileType = sourcecode.swift; path = ContentView.swift; sourceTree = "<group>"; };
		64E3137A24D48FC40024C7FB /* Assets.xcassets */ = {isa = PBXFileReference; lastKnownFileType = folder.assetcatalog; path = Assets.xcassets; sourceTree = "<group>"; };
		64E3137D24D48FC40024C7FB /* Preview Assets.xcassets */ = {isa = PBXFileReference; lastKnownFileType = folder.assetcatalog; path = "Preview Assets.xcassets"; sourceTree = "<group>"; };
		64E3138024D48FC40024C7FB /* Base */ = {isa = PBXFileReference; lastKnownFileType = file.storyboard; name = Base; path = Base.lproj/LaunchScreen.storyboard; sourceTree = "<group>"; };
		64E3138224D48FC40024C7FB /* Info.plist */ = {isa = PBXFileReference; lastKnownFileType = text.plist.xml; path = Info.plist; sourceTree = "<group>"; };
/* End PBXFileReference section */

/* Begin PBXFrameworksBuildPhase section */
		64E3136E24D48FC20024C7FB /* Frameworks */ = {
			isa = PBXFrameworksBuildPhase;
			buildActionMask = 2147483647;
			files = (
			);
			runOnlyForDeploymentPostprocessing = 0;
		};
/* End PBXFrameworksBuildPhase section */

/* Begin PBXGroup section */
		6406CC9124E49D7B009CA317 /* Screenshots */ = {
			isa = PBXGroup;
			children = (
				6406CC9224E49DCA009CA317 /* 1.png */,
				6406CC9524E49DCA009CA317 /* 2.png */,
				6406CC9424E49DCA009CA317 /* 3.png */,
				6406CC9324E49DCA009CA317 /* 4.png */,
			);
			path = Screenshots;
			sourceTree = "<group>";
		};
		64C8A0F224D63F6C0039E584 /* views */ = {
			isa = PBXGroup;
			children = (
				6416D12124D4E97E0040BB4D /* CourseView.swift */,
				6416D12324D4EACF0040BB4D /* ForYouCardView.swift */,
				6416D12524D4EB4B0040BB4D /* TitleView.swift */,
				6416D12724D4EB880040BB4D /* CardView.swift */,
				6416D12924D4EC7C0040BB4D /* WelcomeView.swift */,
				6416D12B24D4F7890040BB4D /* TopCoursesView.swift */,
				6416D12D24D4F7B40040BB4D /* ForYouView.swift */,
				6416D12F24D607850040BB4D /* BackgroundView.swift */,
			);
			path = views;
			sourceTree = "<group>";
		};
		64E3136824D48FC20024C7FB = {
			isa = PBXGroup;
			children = (
				64C8A0F024D63F190039E584 /* README.md */,
				6406CC9124E49D7B009CA317 /* Screenshots */,
				64E3137324D48FC20024C7FB /* OnlineCoursesAppDesign */,
				64E3137224D48FC20024C7FB /* Products */,
			);
			sourceTree = "<group>";
		};
		64E3137224D48FC20024C7FB /* Products */ = {
			isa = PBXGroup;
			children = (
				64E3137124D48FC20024C7FB /* OnlineCoursesAppDesign.app */,
			);
			name = Products;
			sourceTree = "<group>";
		};
		64E3137324D48FC20024C7FB /* OnlineCoursesAppDesign */ = {
			isa = PBXGroup;
			children = (
				64C8A0F224D63F6C0039E584 /* views */,
				64E3137424D48FC20024C7FB /* AppDelegate.swift */,
				64E3137624D48FC20024C7FB /* SceneDelegate.swift */,
				64E3137824D48FC20024C7FB /* ContentView.swift */,
				64E3137A24D48FC40024C7FB /* Assets.xcassets */,
				64E3137F24D48FC40024C7FB /* LaunchScreen.storyboard */,
				64E3138224D48FC40024C7FB /* Info.plist */,
				64E3137C24D48FC40024C7FB /* Preview Content */,
			);
			path = OnlineCoursesAppDesign;
			sourceTree = "<group>";
		};
		64E3137C24D48FC40024C7FB /* Preview Content */ = {
			isa = PBXGroup;
			children = (
				64E3137D24D48FC40024C7FB /* Preview Assets.xcassets */,
			);
			path = "Preview Content";
			sourceTree = "<group>";
		};
/* End PBXGroup section */

/* Begin PBXNativeTarget section */
		64E3137024D48FC20024C7FB /* OnlineCoursesAppDesign */ = {
			isa = PBXNativeTarget;
			buildConfigurationList = 64E3138524D48FC40024C7FB /* Build configuration list for PBXNativeTarget "OnlineCoursesAppDesign" */;
			buildPhases = (
				64E3136D24D48FC20024C7FB /* Sources */,
				64E3136E24D48FC20024C7FB /* Frameworks */,
				64E3136F24D48FC20024C7FB /* Resources */,
			);
			buildRules = (
			);
			dependencies = (
			);
			name = OnlineCoursesAppDesign;
			productName = OnlineCoursesAppDesign;
			productReference = 64E3137124D48FC20024C7FB /* OnlineCoursesAppDesign.app */;
			productType = "com.apple.product-type.application";
		};
/* End PBXNativeTarget section */

/* Begin PBXProject section */
		64E3136924D48FC20024C7FB /* Project object */ = {
			isa = PBXProject;
			attributes = {
				LastSwiftUpdateCheck = 1140;
				LastUpgradeCheck = 1200;
				TargetAttributes = {
					64E3137024D48FC20024C7FB = {
						CreatedOnToolsVersion = 11.4.1;
					};
				};
			};
			buildConfigurationList = 64E3136C24D48FC20024C7FB /* Build configuration list for PBXProject "OnlineCoursesAppDesign" */;
			compatibilityVersion = "Xcode 9.3";
			developmentRegion = en;
			hasScannedForEncodings = 0;
			knownRegions = (
				en,
				Base,
			);
			mainGroup = 64E3136824D48FC20024C7FB;
			productRefGroup = 64E3137224D48FC20024C7FB /* Products */;
			projectDirPath = "";
			projectRoot = "";
			targets = (
				64E3137024D48FC20024C7FB /* OnlineCoursesAppDesign */,
			);
		};
/* End PBXProject section */

/* Begin PBXResourcesBuildPhase section */
		64E3136F24D48FC20024C7FB /* Resources */ = {
			isa = PBXResourcesBuildPhase;
			buildActionMask = 2147483647;
			files = (
				64E3138124D48FC40024C7FB /* LaunchScreen.storyboard in Resources */,
				6406CC9724E49DCA009CA317 /* 4.png in Resources */,
				6406CC9824E49DCA009CA317 /* 3.png in Resources */,
				64E3137E24D48FC40024C7FB /* Preview Assets.xcassets in Resources */,
				6406CC9924E49DCA009CA317 /* 2.png in Resources */,
				6406CC9624E49DCA009CA317 /* 1.png in Resources */,
				64C8A0F124D63F190039E584 /* README.md in Resources */,
				64E3137B24D48FC40024C7FB /* Assets.xcassets in Resources */,
			);
			runOnlyForDeploymentPostprocessing = 0;
		};
/* End PBXResourcesBuildPhase section */

/* Begin PBXSourcesBuildPhase section */
		64E3136D24D48FC20024C7FB /* Sources */ = {
			isa = PBXSourcesBuildPhase;
			buildActionMask = 2147483647;
			files = (
				6416D12824D4EB880040BB4D /* CardView.swift in Sources */,
				6416D12424D4EACF0040BB4D /* ForYouCardView.swift in Sources */,
				6416D13024D607850040BB4D /* BackgroundView.swift in Sources */,
				6416D12C24D4F7890040BB4D /* TopCoursesView.swift in Sources */,
				64E3137524D48FC20024C7FB /* AppDelegate.swift in Sources */,
				6416D12A24D4EC7C0040BB4D /* WelcomeView.swift in Sources */,
				64E3137724D48FC20024C7FB /* SceneDelegate.swift in Sources */,
				64E3137924D48FC20024C7FB /* ContentView.swift in Sources */,
				6416D12224D4E97E0040BB4D /* CourseView.swift in Sources */,
				6416D12E24D4F7B40040BB4D /* ForYouView.swift in Sources */,
				6416D12624D4EB4B0040BB4D /* TitleView.swift in Sources */,
			);
			runOnlyForDeploymentPostprocessing = 0;
		};
/* End PBXSourcesBuildPhase section */

/* Begin PBXVariantGroup section */
		64E3137F24D48FC40024C7FB /* LaunchScreen.storyboard */ = {
			isa = PBXVariantGroup;
			children = (
				64E3138024D48FC40024C7FB /* Base */,
			);
			name = LaunchScreen.storyboard;
			sourceTree = "<group>";
		};
/* End PBXVariantGroup section */

/* Begin XCBuildConfiguration section */
		64E3138324D48FC40024C7FB /* Debug */ = {
			isa = XCBuildConfiguration;
			buildSettings = {
				ALWAYS_SEARCH_USER_PATHS = NO;
				CLANG_ANALYZER_NONNULL = YES;
				CLANG_ANALYZER_NUMBER_OBJECT_CONVERSION = YES_AGGRESSIVE;
				CLANG_CXX_LANGUAGE_STANDARD = "gnu++14";
				CLANG_CXX_LIBRARY = "libc++";
				CLANG_ENABLE_MODULES = YES;
				CLANG_ENABLE_OBJC_ARC = YES;
				CLANG_ENABLE_OBJC_WEAK = YES;
				CLANG_WARN_BLOCK_CAPTURE_AUTORELEASING = YES;
				CLANG_WARN_BOOL_CONVERSION = YES;
				CLANG_WARN_COMMA = YES;
				CLANG_WARN_CONSTANT_CONVERSION = YES;
				CLANG_WARN_DEPRECATED_OBJC_IMPLEMENTATIONS = YES;
				CLANG_WARN_DIRECT_OBJC_ISA_USAGE = YES_ERROR;
				CLANG_WARN_DOCUMENTATION_COMMENTS = YES;
				CLANG_WARN_EMPTY_BODY = YES;
				CLANG_WARN_ENUM_CONVERSION = YES;
				CLANG_WARN_INFINITE_RECURSION = YES;
				CLANG_WARN_INT_CONVERSION = YES;
				CLANG_WARN_NON_LITERAL_NULL_CONVERSION = YES;
				CLANG_WARN_OBJC_IMPLICIT_RETAIN_SELF = YES;
				CLANG_WARN_OBJC_LITERAL_CONVERSION = YES;
				CLANG_WARN_OBJC_ROOT_CLASS = YES_ERROR;
				CLANG_WARN_QUOTED_INCLUDE_IN_FRAMEWORK_HEADER = YES;
				CLANG_WARN_RANGE_LOOP_ANALYSIS = YES;
				CLANG_WARN_STRICT_PROTOTYPES = YES;
				CLANG_WARN_SUSPICIOUS_MOVE = YES;
				CLANG_WARN_UNGUARDED_AVAILABILITY = YES_AGGRESSIVE;
				CLANG_WARN_UNREACHABLE_CODE = YES;
				CLANG_WARN__DUPLICATE_METHOD_MATCH = YES;
				COPY_PHASE_STRIP = NO;
				DEBUG_INFORMATION_FORMAT = dwarf;
				ENABLE_STRICT_OBJC_MSGSEND = YES;
				ENABLE_TESTABILITY = YES;
				GCC_C_LANGUAGE_STANDARD = gnu11;
				GCC_DYNAMIC_NO_PIC = NO;
				GCC_NO_COMMON_BLOCKS = YES;
				GCC_OPTIMIZATION_LEVEL = 0;
				GCC_PREPROCESSOR_DEFINITIONS = (
					"DEBUG=1",
					"$(inherited)",
				);
				GCC_WARN_64_TO_32_BIT_CONVERSION = YES;
				GCC_WARN_ABOUT_RETURN_TYPE = YES_ERROR;
				GCC_WARN_UNDECLARED_SELECTOR = YES;
				GCC_WARN_UNINITIALIZED_AUTOS = YES_AGGRESSIVE;
				GCC_WARN_UNUSED_FUNCTION = YES;
				GCC_WARN_UNUSED_VARIABLE = YES;
				IPHONEOS_DEPLOYMENT_TARGET = 13.4;
				MTL_ENABLE_DEBUG_INFO = INCLUDE_SOURCE;
				MTL_FAST_MATH = YES;
				ONLY_ACTIVE_ARCH = YES;
				SDKROOT = iphoneos;
				SWIFT_ACTIVE_COMPILATION_CONDITIONS = DEBUG;
				SWIFT_OPTIMIZATION_LEVEL = "-Onone";
			};
			name = Debug;
		};
		64E3138424D48FC40024C7FB /* Release */ = {
			isa = XCBuildConfiguration;
			buildSettings = {
				ALWAYS_SEARCH_USER_PATHS = NO;
				CLANG_ANALYZER_NONNULL = YES;
				CLANG_ANALYZER_NUMBER_OBJECT_CONVERSION = YES_AGGRESSIVE;
				CLANG_CXX_LANGUAGE_STANDARD = "gnu++14";
				CLANG_CXX_LIBRARY = "libc++";
				CLANG_ENABLE_MODULES = YES;
				CLANG_ENABLE_OBJC_ARC = YES;
				CLANG_ENABLE_OBJC_WEAK = YES;
				CLANG_WARN_BLOCK_CAPTURE_AUTORELEASING = YES;
				CLANG_WARN_BOOL_CONVERSION = YES;
				CLANG_WARN_COMMA = YES;
				CLANG_WARN_CONSTANT_CONVERSION = YES;
				CLANG_WARN_DEPRECATED_OBJC_IMPLEMENTATIONS = YES;
				CLANG_WARN_DIRECT_OBJC_ISA_USAGE = YES_ERROR;
				CLANG_WARN_DOCUMENTATION_COMMENTS = YES;
				CLANG_WARN_EMPTY_BODY = YES;
				CLANG_WARN_ENUM_CONVERSION = YES;
				CLANG_WARN_INFINITE_RECURSION = YES;
				CLANG_WARN_INT_CONVERSION = YES;
				CLANG_WARN_NON_LITERAL_NULL_CONVERSION = YES;
				CLANG_WARN_OBJC_IMPLICIT_RETAIN_SELF = YES;
				CLANG_WARN_OBJC_LITERAL_CONVERSION = YES;
				CLANG_WARN_OBJC_ROOT_CLASS = YES_ERROR;
				CLANG_WARN_QUOTED_INCLUDE_IN_FRAMEWORK_HEADER = YES;
				CLANG_WARN_RANGE_LOOP_ANALYSIS = YES;
				CLANG_WARN_STRICT_PROTOTYPES = YES;
				CLANG_WARN_SUSPICIOUS_MOVE = YES;
				CLANG_WARN_UNGUARDED_AVAILABILITY = YES_AGGRESSIVE;
				CLANG_WARN_UNREACHABLE_CODE = YES;
				CLANG_WARN__DUPLICATE_METHOD_MATCH = YES;
				COPY_PHASE_STRIP = NO;
				DEBUG_INFORMATION_FORMAT = "dwarf-with-dsym";
				ENABLE_NS_ASSERTIONS = NO;
				ENABLE_STRICT_OBJC_MSGSEND = YES;
				GCC_C_LANGUAGE_STANDARD = gnu11;
				GCC_NO_COMMON_BLOCKS = YES;
				GCC_WARN_64_TO_32_BIT_CONVERSION = YES;
				GCC_WARN_ABOUT_RETURN_TYPE = YES_ERROR;
				GCC_WARN_UNDECLARED_SELECTOR = YES;
				GCC_WARN_UNINITIALIZED_AUTOS = YES_AGGRESSIVE;
				GCC_WARN_UNUSED_FUNCTION = YES;
				GCC_WARN_UNUSED_VARIABLE = YES;
				IPHONEOS_DEPLOYMENT_TARGET = 13.4;
				MTL_ENABLE_DEBUG_INFO = NO;
				MTL_FAST_MATH = YES;
				SDKROOT = iphoneos;
				SWIFT_COMPILATION_MODE = wholemodule;
				SWIFT_OPTIMIZATION_LEVEL = "-O";
				VALIDATE_PRODUCT = YES;
			};
			name = Release;
		};
		64E3138624D48FC40024C7FB /* Debug */ = {
			isa = XCBuildConfiguration;
			buildSettings = {
				ASSETCATALOG_COMPILER_APPICON_NAME = AppIcon;
				CODE_SIGN_STYLE = Automatic;
				DEVELOPMENT_ASSET_PATHS = "\"OnlineCoursesAppDesign/Preview Content\"";
				ENABLE_PREVIEWS = YES;
				INFOPLIST_FILE = OnlineCoursesAppDesign/Info.plist;
				LD_RUNPATH_SEARCH_PATHS = (
					"$(inherited)",
					"@executable_path/Frameworks",
				);
				MARKETING_VERSION = 1.0.0;
				PRODUCT_BUNDLE_IDENTIFIER = br.com.rphlfc.OnlineCoursesAppDesign;
				PRODUCT_NAME = "$(TARGET_NAME)";
				SWIFT_VERSION = 5.0;
				TARGETED_DEVICE_FAMILY = "1,2";
			};
			name = Debug;
		};
		64E3138724D48FC40024C7FB /* Release */ = {
			isa = XCBuildConfiguration;
			buildSettings = {
				ASSETCATALOG_COMPILER_APPICON_NAME = AppIcon;
				CODE_SIGN_STYLE = Automatic;
				DEVELOPMENT_ASSET_PATHS = "\"OnlineCoursesAppDesign/Preview Content\"";
				ENABLE_PREVIEWS = YES;
				INFOPLIST_FILE = OnlineCoursesAppDesign/Info.plist;
				LD_RUNPATH_SEARCH_PATHS = (
					"$(inherited)",
					"@executable_path/Frameworks",
				);
				MARKETING_VERSION = 1.0.0;
				PRODUCT_BUNDLE_IDENTIFIER = br.com.rphlfc.OnlineCoursesAppDesign;
				PRODUCT_NAME = "$(TARGET_NAME)";
				SWIFT_VERSION = 5.0;
				TARGETED_DEVICE_FAMILY = "1,2";
			};
			name = Release;
		};
/* End XCBuildConfiguration section */

/* Begin XCConfigurationList section */
		64E3136C24D48FC20024C7FB /* Build configuration list for PBXProject "OnlineCoursesAppDesign" */ = {
			isa = XCConfigurationList;
			buildConfigurations = (
				64E3138324D48FC40024C7FB /* Debug */,
				64E3138424D48FC40024C7FB /* Release */,
			);
			defaultConfigurationIsVisible = 0;
			defaultConfigurationName = Release;
		};
		64E3138524D48FC40024C7FB /* Build configuration list for PBXNativeTarget "OnlineCoursesAppDesign" */ = {
			isa = XCConfigurationList;
			buildConfigurations = (
				64E3138624D48FC40024C7FB /* Debug */,
				64E3138724D48FC40024C7FB /* Release */,
			);
			defaultConfigurationIsVisible = 0;
			defaultConfigurationName = Release;
		};
/* End XCConfigurationList section */
	};
	rootObject = 64E3136924D48FC20024C7FB /* Project object */;
}
